
Microsoft Visual Studio Solution File, Format Version 12.00
# Visual Studio Version 17
VisualStudioVersion = 17.5.002.0
MinimumVisualStudioVersion = 10.0.40219.1
Project("{9A19103F-16F7-4668-BE54-9A1E7A4F7556}") = "DataInCloud", "DataInCloud.Api\DataInCloud.csproj", "{50CDC05F-97AF-4DD8-A9C7-E46774DA2E42}"
EndProject
Project("{FAE04EC0-301F-11D3-BF4B-00C04F79EFBC}") = "DataInCloud.Model", "DataInCloud.Model\DataInCloud.Model.csproj", "{55958261-46BE-45E1-BA2A-88F734F73950}"
EndProject
Project("{FAE04EC0-301F-11D3-BF4B-00C04F79EFBC}") = "DataInCloud.Orchestrators", "DataInCloud.Orchestrators\DataInCloud.Orchestrators.csproj", "{A84D1C18-ECF9-47CC-9FC7-A4A2D4246B44}"
EndProject
Project("{FAE04EC0-301F-11D3-BF4B-00C04F79EFBC}") = "DataInCloud.Dal", "DataInCloud.Dal\DataInCloud.Dal.csproj", "{58CC3F66-7B28-4ECE-BB19-06E2E3265202}"
EndProject
Project("{FAE04EC0-301F-11D3-BF4B-00C04F79EFBC}") = "Tests", "Tests\Tests.csproj", "{0EE14DC5-6F34-4EE4-8F72-89CB079C07D1}"
EndProject
Project("{FAE04EC0-301F-11D3-BF4B-00C04F79EFBC}") = "DataInCloud.Platform", "DataInCloud.Platform\DataInCloud.Platform.csproj", "{B0D57D4F-A994-4581-8FE0-9567C4404583}"
EndProject
Global
	GlobalSection(SolutionConfigurationPlatforms) = preSolution
		Debug|Any CPU = Debug|Any CPU
		Release|Any CPU = Release|Any CPU
	EndGlobalSection
	GlobalSection(ProjectConfigurationPlatforms) = postSolution
		{50CDC05F-97AF-4DD8-A9C7-E46774DA2E42}.Debug|Any CPU.ActiveCfg = Debug|Any CPU
		{50CDC05F-97AF-4DD8-A9C7-E46774DA2E42}.Debug|Any CPU.Build.0 = Debug|Any CPU
		{50CDC05F-97AF-4DD8-A9C7-E46774DA2E42}.Release|Any CPU.ActiveCfg = Release|Any CPU
		{50CDC05F-97AF-4DD8-A9C7-E46774DA2E42}.Release|Any CPU.Build.0 = Release|Any CPU
		{55958261-46BE-45E1-BA2A-88F734F73950}.Debug|Any CPU.ActiveCfg = Debug|Any CPU
		{55958261-46BE-45E1-BA2A-88F734F73950}.Debug|Any CPU.Build.0 = Debug|Any CPU
		{55958261-46BE-45E1-BA2A-88F734F73950}.Release|Any CPU.ActiveCfg = Release|Any CPU
		{55958261-46BE-45E1-BA2A-88F734F73950}.Release|Any CPU.Build.0 = Release|Any CPU
		{A84D1C18-ECF9-47CC-9FC7-A4A2D4246B44}.Debug|Any CPU.ActiveCfg = Debug|Any CPU
		{A84D1C18-ECF9-47CC-9FC7-A4A2D4246B44}.Debug|Any CPU.Build.0 = Debug|Any CPU
		{A84D1C18-ECF9-47CC-9FC7-A4A2D4246B44}.Release|Any CPU.ActiveCfg = Release|Any CPU
		{A84D1C18-ECF9-47CC-9FC7-A4A2D4246B44}.Release|Any CPU.Build.0 = Release|Any CPU
		{58CC3F66-7B28-4ECE-BB19-06E2E3265202}.Debug|Any CPU.ActiveCfg = Debug|Any CPU
		{58CC3F66-7B28-4ECE-BB19-06E2E3265202}.Debug|Any CPU.Build.0 = Debug|Any CPU
		{58CC3F66-7B28-4ECE-BB19-06E2E3265202}.Release|Any CPU.ActiveCfg = Release|Any CPU
		{58CC3F66-7B28-4ECE-BB19-06E2E3265202}.Release|Any CPU.Build.0 = Release|Any CPU
		{0EE14DC5-6F34-4EE4-8F72-89CB079C07D1}.Debug|Any CPU.ActiveCfg = Debug|Any CPU
		{0EE14DC5-6F34-4EE4-8F72-89CB079C07D1}.Debug|Any CPU.Build.0 = Debug|Any CPU
		{0EE14DC5-6F34-4EE4-8F72-89CB079C07D1}.Release|Any CPU.ActiveCfg = Release|Any CPU
		{0EE14DC5-6F34-4EE4-8F72-89CB079C07D1}.Release|Any CPU.Build.0 = Release|Any CPU
		{B0D57D4F-A994-4581-8FE0-9567C4404583}.Debug|Any CPU.ActiveCfg = Debug|Any CPU
		{B0D57D4F-A994-4581-8FE0-9567C4404583}.Debug|Any CPU.Build.0 = Debug|Any CPU
		{B0D57D4F-A994-4581-8FE0-9567C4404583}.Release|Any CPU.ActiveCfg = Release|Any CPU
		{B0D57D4F-A994-4581-8FE0-9567C4404583}.Release|Any CPU.Build.0 = Release|Any CPU
	EndGlobalSection
	GlobalSection(SolutionProperties) = preSolution
		HideSolutionNode = FALSE
	EndGlobalSection
	GlobalSection(ExtensibilityGlobals) = postSolution
		SolutionGuid = {BA3A23A7-9119-4C12-BF97-6BF02E49BF2C}
	EndGlobalSection
EndGlobal
